# This file is @generated by PDM.
# It is not intended for manual editing.

[metadata]
groups = ["default"]
strategy = ["cross_platform"]
lock_version = "4.5.0"
content_hash = "sha256:895e0e4ea0a32d44adda792ed3499f71d5cacde6c12b86deedd83e5d7684c840"

[[metadata.targets]]
requires_python = ">=3.12"

[[package]]
name = "pytz"
version = "2022.7"
summary = "World timezone definitions, modern and historical"
files = [
    {file = "pytz-2022.7-py2.py3-none-any.whl", hash = "sha256:93007def75ae22f7cd991c84e02d434876818661f8df9ad5df9e950ff4e52cfd"},
    {file = "pytz-2022.7.tar.gz", hash = "sha256:7ccfae7b4b2c067464a6733c6261673fdb8fd1be905460396b97a073e9fa683a"},
]
